
Microsoft Visual Studio Solution File, Format Version 12.00
# Visual Studio Version 17
VisualStudioVersion = 17.11.35327.3
MinimumVisualStudioVersion = 10.0.40219.1
Project("{FAE04EC0-301F-11D3-BF4B-00C04F79EFBC}") = "01_MainSubjects", "01_MainSubjects\01_MainSubjects.csproj", "{2A69EE32-333F-4C13-9464-5351AC092711}"
EndProject
Project("{FAE04EC0-301F-11D3-BF4B-00C04F79EFBC}") = "02_Variables", "02_Variables\02_Variables.csproj", "{89089B08-8E41-4F85-8329-5399EEA3712F}"
EndProject
Project("{FAE04EC0-301F-11D3-BF4B-00C04F79EFBC}") = "03_MakingDecision", "03_MakingDecision\03_MakingDecision.csproj", "{ADC8687C-C240-4567-8B62-6CF1707717A7}"
EndProject
Project("{FAE04EC0-301F-11D3-BF4B-00C04F79EFBC}") = "04_Loops", "04_Loops\04_Loops.csproj", "{F48891E5-0CC2-409B-ACE3-76D799EBA551}"
EndProject
Project("{FAE04EC0-301F-11D3-BF4B-00C04F79EFBC}") = "05_LoopsWithStars", "05_LoopsWithStars\05_LoopsWithStars.csproj", "{B3EC572E-8F30-4803-AB8F-0A3B374D4CFA}"
EndProject
Global
	GlobalSection(SolutionConfigurationPlatforms) = preSolution
		Debug|Any CPU = Debug|Any CPU
		Release|Any CPU = Release|Any CPU
	EndGlobalSection
	GlobalSection(ProjectConfigurationPlatforms) = postSolution
		{2A69EE32-333F-4C13-9464-5351AC092711}.Debug|Any CPU.ActiveCfg = Debug|Any CPU
		{2A69EE32-333F-4C13-9464-5351AC092711}.Debug|Any CPU.Build.0 = Debug|Any CPU
		{2A69EE32-333F-4C13-9464-5351AC092711}.Release|Any CPU.ActiveCfg = Release|Any CPU
		{2A69EE32-333F-4C13-9464-5351AC092711}.Release|Any CPU.Build.0 = Release|Any CPU
		{89089B08-8E41-4F85-8329-5399EEA3712F}.Debug|Any CPU.ActiveCfg = Debug|Any CPU
		{89089B08-8E41-4F85-8329-5399EEA3712F}.Debug|Any CPU.Build.0 = Debug|Any CPU
		{89089B08-8E41-4F85-8329-5399EEA3712F}.Release|Any CPU.ActiveCfg = Release|Any CPU
		{89089B08-8E41-4F85-8329-5399EEA3712F}.Release|Any CPU.Build.0 = Release|Any CPU
		{ADC8687C-C240-4567-8B62-6CF1707717A7}.Debug|Any CPU.ActiveCfg = Debug|Any CPU
		{ADC8687C-C240-4567-8B62-6CF1707717A7}.Debug|Any CPU.Build.0 = Debug|Any CPU
		{ADC8687C-C240-4567-8B62-6CF1707717A7}.Release|Any CPU.ActiveCfg = Release|Any CPU
		{ADC8687C-C240-4567-8B62-6CF1707717A7}.Release|Any CPU.Build.0 = Release|Any CPU
		{F48891E5-0CC2-409B-ACE3-76D799EBA551}.Debug|Any CPU.ActiveCfg = Debug|Any CPU
		{F48891E5-0CC2-409B-ACE3-76D799EBA551}.Debug|Any CPU.Build.0 = Debug|Any CPU
		{F48891E5-0CC2-409B-ACE3-76D799EBA551}.Release|Any CPU.ActiveCfg = Release|Any CPU
		{F48891E5-0CC2-409B-ACE3-76D799EBA551}.Release|Any CPU.Build.0 = Release|Any CPU
		{B3EC572E-8F30-4803-AB8F-0A3B374D4CFA}.Debug|Any CPU.ActiveCfg = Debug|Any CPU
		{B3EC572E-8F30-4803-AB8F-0A3B374D4CFA}.Debug|Any CPU.Build.0 = Debug|Any CPU
		{B3EC572E-8F30-4803-AB8F-0A3B374D4CFA}.Release|Any CPU.ActiveCfg = Release|Any CPU
		{B3EC572E-8F30-4803-AB8F-0A3B374D4CFA}.Release|Any CPU.Build.0 = Release|Any CPU
	EndGlobalSection
	GlobalSection(SolutionProperties) = preSolution
		HideSolutionNode = FALSE
	EndGlobalSection
	GlobalSection(ExtensibilityGlobals) = postSolution
		SolutionGuid = {E8E727E8-D95C-4F08-A614-F638068907C5}
	EndGlobalSection
EndGlobal
